
Microsoft Visual Studio Solution File, Format Version 12.00
# Visual Studio Version 16
VisualStudioVersion = 16.0.28803.202
MinimumVisualStudioVersion = 10.0.40219.1
Project("{FAE04EC0-301F-11D3-BF4B-00C04F79EFBC}") = "Realm.Utils", "Realm.Utils\Realm.Utils.csproj", "{DC90DBA5-2B19-4FD3-BC62-258EAA801548}"
EndProject
Global
	GlobalSection(SolutionConfigurationPlatforms) = preSolution
		Debug|Any CPU = Debug|Any CPU
		Release|Any CPU = Release|Any CPU
	EndGlobalSection
	GlobalSection(ProjectConfigurationPlatforms) = postSolution
		{DC90DBA5-2B19-4FD3-BC62-258EAA801548}.Debug|Any CPU.ActiveCfg = Debug|Any CPU
		{DC90DBA5-2B19-4FD3-BC62-258EAA801548}.Debug|Any CPU.Build.0 = Debug|Any CPU
		{DC90DBA5-2B19-4FD3-BC62-258EAA801548}.Release|Any CPU.ActiveCfg = Release|Any CPU
		{DC90DBA5-2B19-4FD3-BC62-258EAA801548}.Release|Any CPU.Build.0 = Release|Any CPU
	EndGlobalSection
	GlobalSection(SolutionProperties) = preSolution
		HideSolutionNode = FALSE
	EndGlobalSection
	GlobalSection(ExtensibilityGlobals) = postSolution
		SolutionGuid = {A3DD9A1E-4753-4265-87C6-E718DA071E2A}
	EndGlobalSection
EndGlobal
